
Microsoft Visual Studio Solution File, Format Version 12.00
# Visual Studio Version 16
VisualStudioVersion = 16.0.30413.136
MinimumVisualStudioVersion = 10.0.40219.1
Project("{FAE04EC0-301F-11D3-BF4B-00C04F79EFBC}") = "MemoryCacheManager", "MemoryCacheManager\MemoryCacheManager.csproj", "{4F86F573-D077-43FA-9533-370C1336EE50}"
EndProject
Project("{FAE04EC0-301F-11D3-BF4B-00C04F79EFBC}") = "MemoryCacheManagerTests", "MemoryCacheManagerTests\MemoryCacheManagerTests.csproj", "{23C5A0A2-EE0A-449F-AA0D-B042E0D8AF2E}"
EndProject
Global
	GlobalSection(SolutionConfigurationPlatforms) = preSolution
		Debug|Any CPU = Debug|Any CPU
		Release|Any CPU = Release|Any CPU
	EndGlobalSection
	GlobalSection(ProjectConfigurationPlatforms) = postSolution
		{4F86F573-D077-43FA-9533-370C1336EE50}.Debug|Any CPU.ActiveCfg = Debug|Any CPU
		{4F86F573-D077-43FA-9533-370C1336EE50}.Debug|Any CPU.Build.0 = Debug|Any CPU
		{4F86F573-D077-43FA-9533-370C1336EE50}.Release|Any CPU.ActiveCfg = Release|Any CPU
		{4F86F573-D077-43FA-9533-370C1336EE50}.Release|Any CPU.Build.0 = Release|Any CPU
		{23C5A0A2-EE0A-449F-AA0D-B042E0D8AF2E}.Debug|Any CPU.ActiveCfg = Debug|Any CPU
		{23C5A0A2-EE0A-449F-AA0D-B042E0D8AF2E}.Debug|Any CPU.Build.0 = Debug|Any CPU
		{23C5A0A2-EE0A-449F-AA0D-B042E0D8AF2E}.Release|Any CPU.ActiveCfg = Release|Any CPU
		{23C5A0A2-EE0A-449F-AA0D-B042E0D8AF2E}.Release|Any CPU.Build.0 = Release|Any CPU
	EndGlobalSection
	GlobalSection(SolutionProperties) = preSolution
		HideSolutionNode = FALSE
	EndGlobalSection
	GlobalSection(ExtensibilityGlobals) = postSolution
		SolutionGuid = {3B92BE95-E76B-4F88-85D3-C17D91A4560F}
	EndGlobalSection
EndGlobal
